
Microsoft Visual Studio Solution File, Format Version 12.00
# Visual Studio Version 17
VisualStudioVersion = 17.13.35828.75 d17.13
MinimumVisualStudioVersion = 10.0.40219.1
Project("{FAE04EC0-301F-11D3-BF4B-00C04F79EFBC}") = "Beneficios-API", "Beneficios-API\Beneficios-API.csproj", "{546C4F85-733D-4922-8DE3-86E4B91BF1A4}"
EndProject
Global
	GlobalSection(SolutionConfigurationPlatforms) = preSolution
		Debug|Any CPU = Debug|Any CPU
		Release|Any CPU = Release|Any CPU
	EndGlobalSection
	GlobalSection(ProjectConfigurationPlatforms) = postSolution
		{546C4F85-733D-4922-8DE3-86E4B91BF1A4}.Debug|Any CPU.ActiveCfg = Debug|Any CPU
		{546C4F85-733D-4922-8DE3-86E4B91BF1A4}.Debug|Any CPU.Build.0 = Debug|Any CPU
		{546C4F85-733D-4922-8DE3-86E4B91BF1A4}.Release|Any CPU.ActiveCfg = Release|Any CPU
		{546C4F85-733D-4922-8DE3-86E4B91BF1A4}.Release|Any CPU.Build.0 = Release|Any CPU
	EndGlobalSection
	GlobalSection(SolutionProperties) = preSolution
		HideSolutionNode = FALSE
	EndGlobalSection
	GlobalSection(ExtensibilityGlobals) = postSolution
		SolutionGuid = {6B058610-04F2-47B4-9BC9-6A411BC20198}
	EndGlobalSection
EndGlobal
